
Microsoft Visual Studio Solution File, Format Version 12.00
# Visual Studio Version 17
VisualStudioVersion = 17.12.35309.182
MinimumVisualStudioVersion = 10.0.40219.1
Project("{FAE04EC0-301F-11D3-BF4B-00C04F79EFBC}") = "mininst", "mininst.csproj", "{6EAE0331-AB97-4E9E-B701-F3D7B28B6CFA}"
EndProject
Global
	GlobalSection(SolutionConfigurationPlatforms) = preSolution
		Debug|Any CPU = Debug|Any CPU
		Release|Any CPU = Release|Any CPU
	EndGlobalSection
	GlobalSection(ProjectConfigurationPlatforms) = postSolution
		{6EAE0331-AB97-4E9E-B701-F3D7B28B6CFA}.Debug|Any CPU.ActiveCfg = Debug|Any CPU
		{6EAE0331-AB97-4E9E-B701-F3D7B28B6CFA}.Debug|Any CPU.Build.0 = Debug|Any CPU
		{6EAE0331-AB97-4E9E-B701-F3D7B28B6CFA}.Release|Any CPU.ActiveCfg = Release|Any CPU
		{6EAE0331-AB97-4E9E-B701-F3D7B28B6CFA}.Release|Any CPU.Build.0 = Release|Any CPU
	EndGlobalSection
	GlobalSection(SolutionProperties) = preSolution
		HideSolutionNode = FALSE
	EndGlobalSection
	GlobalSection(ExtensibilityGlobals) = postSolution
		SolutionGuid = {91597A19-7A88-46A9-A25D-970E9F9ED1E5}
	EndGlobalSection
EndGlobal
